
Microsoft Visual Studio Solution File, Format Version 12.00
# Visual Studio Version 16
VisualStudioVersion = 16.0.30611.23
MinimumVisualStudioVersion = 10.0.40219.1
Project("{FAE04EC0-301F-11D3-BF4B-00C04F79EFBC}") = "gameproject", "gameproject.csproj", "{AD477977-C1F3-430D-8BCA-870E5B81059F}"
EndProject
Global
	GlobalSection(SolutionConfigurationPlatforms) = preSolution
		Debug|Any CPU = Debug|Any CPU
		Release|Any CPU = Release|Any CPU
	EndGlobalSection
	GlobalSection(ProjectConfigurationPlatforms) = postSolution
		{AD477977-C1F3-430D-8BCA-870E5B81059F}.Debug|Any CPU.ActiveCfg = Debug|Any CPU
		{AD477977-C1F3-430D-8BCA-870E5B81059F}.Debug|Any CPU.Build.0 = Debug|Any CPU
		{AD477977-C1F3-430D-8BCA-870E5B81059F}.Release|Any CPU.ActiveCfg = Release|Any CPU
		{AD477977-C1F3-430D-8BCA-870E5B81059F}.Release|Any CPU.Build.0 = Release|Any CPU
	EndGlobalSection
	GlobalSection(SolutionProperties) = preSolution
		HideSolutionNode = FALSE
	EndGlobalSection
	GlobalSection(ExtensibilityGlobals) = postSolution
		SolutionGuid = {B73577CD-55DC-4A30-BB0A-E2A3C006E756}
	EndGlobalSection
EndGlobal
